
Microsoft Visual Studio Solution File, Format Version 12.00
# Visual Studio 14
VisualStudioVersion = 14.0.24720.0
MinimumVisualStudioVersion = 10.0.40219.1
Project("{FAE04EC0-301F-11D3-BF4B-00C04F79EFBC}") = "HelloLib", "HelloLib\HelloLib.csproj", "{E04A33D3-6BBD-4668-A985-9E68C16B44F1}"
EndProject
Project("{FAE04EC0-301F-11D3-BF4B-00C04F79EFBC}") = "Hello", "Hello\Hello.csproj", "{54A96054-C9B8-4894-A7CB-A4CBF4D46E8E}"
EndProject
Project("{FAE04EC0-301F-11D3-BF4B-00C04F79EFBC}") = "UnitTests", "UnitTests\UnitTests.csproj", "{F7A3C477-0CFE-4EBA-ABBB-B0E837ADD4D2}"
EndProject
Global
	GlobalSection(SolutionConfigurationPlatforms) = preSolution
		Debug|Any CPU = Debug|Any CPU
		Release|Any CPU = Release|Any CPU
	EndGlobalSection
	GlobalSection(ProjectConfigurationPlatforms) = postSolution
		{E04A33D3-6BBD-4668-A985-9E68C16B44F1}.Debug|Any CPU.ActiveCfg = Debug|Any CPU
		{E04A33D3-6BBD-4668-A985-9E68C16B44F1}.Debug|Any CPU.Build.0 = Debug|Any CPU
		{E04A33D3-6BBD-4668-A985-9E68C16B44F1}.Release|Any CPU.ActiveCfg = Release|Any CPU
		{E04A33D3-6BBD-4668-A985-9E68C16B44F1}.Release|Any CPU.Build.0 = Release|Any CPU
		{54A96054-C9B8-4894-A7CB-A4CBF4D46E8E}.Debug|Any CPU.ActiveCfg = Debug|Any CPU
		{54A96054-C9B8-4894-A7CB-A4CBF4D46E8E}.Debug|Any CPU.Build.0 = Debug|Any CPU
		{54A96054-C9B8-4894-A7CB-A4CBF4D46E8E}.Release|Any CPU.ActiveCfg = Release|Any CPU
		{54A96054-C9B8-4894-A7CB-A4CBF4D46E8E}.Release|Any CPU.Build.0 = Release|Any CPU
		{F7A3C477-0CFE-4EBA-ABBB-B0E837ADD4D2}.Debug|Any CPU.ActiveCfg = Debug|Any CPU
		{F7A3C477-0CFE-4EBA-ABBB-B0E837ADD4D2}.Debug|Any CPU.Build.0 = Debug|Any CPU
		{F7A3C477-0CFE-4EBA-ABBB-B0E837ADD4D2}.Release|Any CPU.ActiveCfg = Release|Any CPU
		{F7A3C477-0CFE-4EBA-ABBB-B0E837ADD4D2}.Release|Any CPU.Build.0 = Release|Any CPU
	EndGlobalSection
	GlobalSection(SolutionProperties) = preSolution
		HideSolutionNode = FALSE
	EndGlobalSection
EndGlobal
